// !$*UTF8*$!
{
	archiveVersion = 1;
	classes = {
	};
	objectVersion = 56;
	objects = {

/* Begin PBXBuildFile section */
		B95B151A2C46820B00E6F104 /* LoginViewController.swift in Sources */ = {isa = PBXBuildFile; fileRef = B95B15192C46820B00E6F104 /* LoginViewController.swift */; };
		B95B151C2C468B2400E6F104 /* GoogleService-Info.plist in Resources */ = {isa = PBXBuildFile; fileRef = B95B151B2C468B2400E6F104 /* GoogleService-Info.plist */; };
		B95B151F2C468C0200E6F104 /* FirebaseAnalytics in Frameworks */ = {isa = PBXBuildFile; productRef = B95B151E2C468C0200E6F104 /* FirebaseAnalytics */; };
		B95B15212C468C0200E6F104 /* FirebaseAnalyticsOnDeviceConversion in Frameworks */ = {isa = PBXBuildFile; productRef = B95B15202C468C0200E6F104 /* FirebaseAnalyticsOnDeviceConversion */; };
		B95B15232C468C0200E6F104 /* FirebaseAnalyticsSwift in Frameworks */ = {isa = PBXBuildFile; productRef = B95B15222C468C0200E6F104 /* FirebaseAnalyticsSwift */; };
		B95B15252C468C0200E6F104 /* FirebaseAnalyticsWithoutAdIdSupport in Frameworks */ = {isa = PBXBuildFile; productRef = B95B15242C468C0200E6F104 /* FirebaseAnalyticsWithoutAdIdSupport */; };
		B95B15272C468C0200E6F104 /* FirebaseAppCheck in Frameworks */ = {isa = PBXBuildFile; productRef = B95B15262C468C0200E6F104 /* FirebaseAppCheck */; };
		B95B15292C468CD300E6F104 /* FirebaseAuth in Frameworks */ = {isa = PBXBuildFile; productRef = B95B15282C468CD300E6F104 /* FirebaseAuth */; };
		B95B152B2C468CD300E6F104 /* FirebaseAuthCombine-Community in Frameworks */ = {isa = PBXBuildFile; productRef = B95B152A2C468CD300E6F104 /* FirebaseAuthCombine-Community */; };
		B95B152D2C468CD300E6F104 /* FirebaseDatabase in Frameworks */ = {isa = PBXBuildFile; productRef = B95B152C2C468CD300E6F104 /* FirebaseDatabase */; };
		B95B152F2C468CD300E6F104 /* FirebaseDatabaseSwift in Frameworks */ = {isa = PBXBuildFile; productRef = B95B152E2C468CD300E6F104 /* FirebaseDatabaseSwift */; };
		B95B15312C468CD300E6F104 /* FirebaseFirestore in Frameworks */ = {isa = PBXBuildFile; productRef = B95B15302C468CD300E6F104 /* FirebaseFirestore */; };
		B95B15332C468CD300E6F104 /* FirebaseFirestoreCombine-Community in Frameworks */ = {isa = PBXBuildFile; productRef = B95B15322C468CD300E6F104 /* FirebaseFirestoreCombine-Community */; };
		B95B15352C468CD300E6F104 /* FirebaseFirestoreSwift in Frameworks */ = {isa = PBXBuildFile; productRef = B95B15342C468CD300E6F104 /* FirebaseFirestoreSwift */; };
		B95B15372C468DB700E6F104 /* RegisterViewController.swift in Sources */ = {isa = PBXBuildFile; fileRef = B95B15362C468DB700E6F104 /* RegisterViewController.swift */; };
		B95B15392C46979500E6F104 /* MainViewController.swift in Sources */ = {isa = PBXBuildFile; fileRef = B95B15382C46979500E6F104 /* MainViewController.swift */; };
		B95B153C2C47910D00E6F104 /* TodoItemTableViewCell.swift in Sources */ = {isa = PBXBuildFile; fileRef = B95B153A2C47910D00E6F104 /* TodoItemTableViewCell.swift */; };
		B95B153D2C47910D00E6F104 /* TodoItemTableViewCell.xib in Resources */ = {isa = PBXBuildFile; fileRef = B95B153B2C47910D00E6F104 /* TodoItemTableViewCell.xib */; };
		B9ABDF752C464B0900D2B493 /* AppDelegate.swift in Sources */ = {isa = PBXBuildFile; fileRef = B9ABDF742C464B0900D2B493 /* AppDelegate.swift */; };
		B9ABDF772C464B0900D2B493 /* SceneDelegate.swift in Sources */ = {isa = PBXBuildFile; fileRef = B9ABDF762C464B0900D2B493 /* SceneDelegate.swift */; };
		B9ABDF792C464B0900D2B493 /* ViewController.swift in Sources */ = {isa = PBXBuildFile; fileRef = B9ABDF782C464B0900D2B493 /* ViewController.swift */; };
		B9ABDF7C2C464B0900D2B493 /* Base in Resources */ = {isa = PBXBuildFile; fileRef = B9ABDF7B2C464B0900D2B493 /* Base */; };
		B9ABDF7F2C464B0900D2B493 /* Scheduleia.xcdatamodeld in Sources */ = {isa = PBXBuildFile; fileRef = B9ABDF7D2C464B0900D2B493 /* Scheduleia.xcdatamodeld */; };
		B9ABDF812C464B0A00D2B493 /* Assets.xcassets in Resources */ = {isa = PBXBuildFile; fileRef = B9ABDF802C464B0A00D2B493 /* Assets.xcassets */; };
		B9ABDF842C464B0A00D2B493 /* Base in Resources */ = {isa = PBXBuildFile; fileRef = B9ABDF832C464B0A00D2B493 /* Base */; };
/* End PBXBuildFile section */

/* Begin PBXFileReference section */
		B95B15192C46820B00E6F104 /* LoginViewController.swift */ = {isa = PBXFileReference; lastKnownFileType = sourcecode.swift; path = LoginViewController.swift; sourceTree = "<group>"; };
		B95B151B2C468B2400E6F104 /* GoogleService-Info.plist */ = {isa = PBXFileReference; fileEncoding = 4; lastKnownFileType = text.plist.xml; path = "GoogleService-Info.plist"; sourceTree = "<group>"; };
		B95B15362C468DB700E6F104 /* RegisterViewController.swift */ = {isa = PBXFileReference; lastKnownFileType = sourcecode.swift; path = RegisterViewController.swift; sourceTree = "<group>"; };
		B95B15382C46979500E6F104 /* MainViewController.swift */ = {isa = PBXFileReference; lastKnownFileType = sourcecode.swift; path = MainViewController.swift; sourceTree = SOURCE_ROOT; wrapsLines = 0; };
		B95B153A2C47910D00E6F104 /* TodoItemTableViewCell.swift */ = {isa = PBXFileReference; lastKnownFileType = sourcecode.swift; path = TodoItemTableViewCell.swift; sourceTree = SOURCE_ROOT; };
		B95B153B2C47910D00E6F104 /* TodoItemTableViewCell.xib */ = {isa = PBXFileReference; lastKnownFileType = file.xib; path = TodoItemTableViewCell.xib; sourceTree = SOURCE_ROOT; };
		B9ABDF712C464B0900D2B493 /* Scheduleia.app */ = {isa = PBXFileReference; explicitFileType = wrapper.application; includeInIndex = 0; path = Scheduleia.app; sourceTree = BUILT_PRODUCTS_DIR; };
		B9ABDF742C464B0900D2B493 /* AppDelegate.swift */ = {isa = PBXFileReference; lastKnownFileType = sourcecode.swift; path = AppDelegate.swift; sourceTree = "<group>"; };
		B9ABDF762C464B0900D2B493 /* SceneDelegate.swift */ = {isa = PBXFileReference; lastKnownFileType = sourcecode.swift; path = SceneDelegate.swift; sourceTree = "<group>"; };
		B9ABDF782C464B0900D2B493 /* ViewController.swift */ = {isa = PBXFileReference; lastKnownFileType = sourcecode.swift; path = ViewController.swift; sourceTree = "<group>"; };
		B9ABDF7B2C464B0900D2B493 /* Base */ = {isa = PBXFileReference; lastKnownFileType = file.storyboard; name = Base; path = Base.lproj/Main.storyboard; sourceTree = "<group>"; };
		B9ABDF7E2C464B0900D2B493 /* Scheduleia.xcdatamodel */ = {isa = PBXFileReference; lastKnownFileType = wrapper.xcdatamodel; path = Scheduleia.xcdatamodel; sourceTree = "<group>"; };
		B9ABDF802C464B0A00D2B493 /* Assets.xcassets */ = {isa = PBXFileReference; lastKnownFileType = folder.assetcatalog; path = Assets.xcassets; sourceTree = "<group>"; };
		B9ABDF832C464B0A00D2B493 /* Base */ = {isa = PBXFileReference; lastKnownFileType = file.storyboard; name = Base; path = Base.lproj/LaunchScreen.storyboard; sourceTree = "<group>"; };
		B9ABDF852C464B0A00D2B493 /* Info.plist */ = {isa = PBXFileReference; lastKnownFileType = text.plist.xml; path = Info.plist; sourceTree = "<group>"; };
/* End PBXFileReference section */

/* Begin PBXFrameworksBuildPhase section */
		B9ABDF6E2C464B0900D2B493 /* Frameworks */ = {
			isa = PBXFrameworksBuildPhase;
			buildActionMask = 2147483647;
			files = (
				B95B15232C468C0200E6F104 /* FirebaseAnalyticsSwift in Frameworks */,
				B95B15292C468CD300E6F104 /* FirebaseAuth in Frameworks */,
				B95B151F2C468C0200E6F104 /* FirebaseAnalytics in Frameworks */,
				B95B15312C468CD300E6F104 /* FirebaseFirestore in Frameworks */,
				B95B152F2C468CD300E6F104 /* FirebaseDatabaseSwift in Frameworks */,
				B95B15332C468CD300E6F104 /* FirebaseFirestoreCombine-Community in Frameworks */,
				B95B15212C468C0200E6F104 /* FirebaseAnalyticsOnDeviceConversion in Frameworks */,
				B95B15272C468C0200E6F104 /* FirebaseAppCheck in Frameworks */,
				B95B152B2C468CD300E6F104 /* FirebaseAuthCombine-Community in Frameworks */,
				B95B152D2C468CD300E6F104 /* FirebaseDatabase in Frameworks */,
				B95B15252C468C0200E6F104 /* FirebaseAnalyticsWithoutAdIdSupport in Frameworks */,
				B95B15352C468CD300E6F104 /* FirebaseFirestoreSwift in Frameworks */,
			);
			runOnlyForDeploymentPostprocessing = 0;
		};
/* End PBXFrameworksBuildPhase section */

/* Begin PBXGroup section */
		B95B15182C46804500E6F104 /* View Model */ = {
			isa = PBXGroup;
			children = (
				B95B153A2C47910D00E6F104 /* TodoItemTableViewCell.swift */,
				B95B153B2C47910D00E6F104 /* TodoItemTableViewCell.xib */,
				B95B15382C46979500E6F104 /* MainViewController.swift */,
				B95B15192C46820B00E6F104 /* LoginViewController.swift */,
				B95B15362C468DB700E6F104 /* RegisterViewController.swift */,
				B9ABDF782C464B0900D2B493 /* ViewController.swift */,
			);
			path = "View Model";
			sourceTree = "<group>";
		};
		B9ABDF682C464B0900D2B493 = {
			isa = PBXGroup;
			children = (
				B9ABDF732C464B0900D2B493 /* Scheduleia */,
				B9ABDF722C464B0900D2B493 /* Products */,
			);
			sourceTree = "<group>";
		};
		B9ABDF722C464B0900D2B493 /* Products */ = {
			isa = PBXGroup;
			children = (
				B9ABDF712C464B0900D2B493 /* Scheduleia.app */,
			);
			name = Products;
			sourceTree = "<group>";
		};
		B9ABDF732C464B0900D2B493 /* Scheduleia */ = {
			isa = PBXGroup;
			children = (
				B9ABDF742C464B0900D2B493 /* AppDelegate.swift */,
				B9ABDF762C464B0900D2B493 /* SceneDelegate.swift */,
				B95B15182C46804500E6F104 /* View Model */,
				B9ABDF7A2C464B0900D2B493 /* Main.storyboard */,
				B9ABDF802C464B0A00D2B493 /* Assets.xcassets */,
				B9ABDF822C464B0A00D2B493 /* LaunchScreen.storyboard */,
				B9ABDF852C464B0A00D2B493 /* Info.plist */,
				B95B151B2C468B2400E6F104 /* GoogleService-Info.plist */,
				B9ABDF7D2C464B0900D2B493 /* Scheduleia.xcdatamodeld */,
			);
			path = Scheduleia;
			sourceTree = "<group>";
		};
/* End PBXGroup section */

/* Begin PBXNativeTarget section */
		B9ABDF702C464B0900D2B493 /* Scheduleia */ = {
			isa = PBXNativeTarget;
			buildConfigurationList = B9ABDF882C464B0A00D2B493 /* Build configuration list for PBXNativeTarget "Scheduleia" */;
			buildPhases = (
				B9ABDF6D2C464B0900D2B493 /* Sources */,
				B9ABDF6E2C464B0900D2B493 /* Frameworks */,
				B9ABDF6F2C464B0900D2B493 /* Resources */,
			);
			buildRules = (
			);
			dependencies = (
			);
			name = Scheduleia;
			packageProductDependencies = (
				B95B151E2C468C0200E6F104 /* FirebaseAnalytics */,
				B95B15202C468C0200E6F104 /* FirebaseAnalyticsOnDeviceConversion */,
				B95B15222C468C0200E6F104 /* FirebaseAnalyticsSwift */,
				B95B15242C468C0200E6F104 /* FirebaseAnalyticsWithoutAdIdSupport */,
				B95B15262C468C0200E6F104 /* FirebaseAppCheck */,
				B95B15282C468CD300E6F104 /* FirebaseAuth */,
				B95B152A2C468CD300E6F104 /* FirebaseAuthCombine-Community */,
				B95B152C2C468CD300E6F104 /* FirebaseDatabase */,
				B95B152E2C468CD300E6F104 /* FirebaseDatabaseSwift */,
				B95B15302C468CD300E6F104 /* FirebaseFirestore */,
				B95B15322C468CD300E6F104 /* FirebaseFirestoreCombine-Community */,
				B95B15342C468CD300E6F104 /* FirebaseFirestoreSwift */,
			);
			productName = Scheduleia;
			productReference = B9ABDF712C464B0900D2B493 /* Scheduleia.app */;
			productType = "com.apple.product-type.application";
		};
/* End PBXNativeTarget section */

/* Begin PBXProject section */
		B9ABDF692C464B0900D2B493 /* Project object */ = {
			isa = PBXProject;
			attributes = {
				BuildIndependentTargetsInParallel = 1;
				LastSwiftUpdateCheck = 1540;
				LastUpgradeCheck = 1540;
				TargetAttributes = {
					B9ABDF702C464B0900D2B493 = {
						CreatedOnToolsVersion = 15.4;
					};
				};
			};
			buildConfigurationList = B9ABDF6C2C464B0900D2B493 /* Build configuration list for PBXProject "Scheduleia" */;
			compatibilityVersion = "Xcode 14.0";
			developmentRegion = en;
			hasScannedForEncodings = 0;
			knownRegions = (
				en,
				Base,
			);
			mainGroup = B9ABDF682C464B0900D2B493;
			packageReferences = (
				B95B151D2C468C0200E6F104 /* XCRemoteSwiftPackageReference "firebase-ios-sdk" */,
			);
			productRefGroup = B9ABDF722C464B0900D2B493 /* Products */;
			projectDirPath = "";
			projectRoot = "";
			targets = (
				B9ABDF702C464B0900D2B493 /* Scheduleia */,
			);
		};
/* End PBXProject section */

/* Begin PBXResourcesBuildPhase section */
		B9ABDF6F2C464B0900D2B493 /* Resources */ = {
			isa = PBXResourcesBuildPhase;
			buildActionMask = 2147483647;
			files = (
				B9ABDF812C464B0A00D2B493 /* Assets.xcassets in Resources */,
				B95B153D2C47910D00E6F104 /* TodoItemTableViewCell.xib in Resources */,
				B95B151C2C468B2400E6F104 /* GoogleService-Info.plist in Resources */,
				B9ABDF842C464B0A00D2B493 /* Base in Resources */,
				B9ABDF7C2C464B0900D2B493 /* Base in Resources */,
			);
			runOnlyForDeploymentPostprocessing = 0;
		};
/* End PBXResourcesBuildPhase section */

/* Begin PBXSourcesBuildPhase section */
		B9ABDF6D2C464B0900D2B493 /* Sources */ = {
			isa = PBXSourcesBuildPhase;
			buildActionMask = 2147483647;
			files = (
				B95B15392C46979500E6F104 /* MainViewController.swift in Sources */,
				B9ABDF792C464B0900D2B493 /* ViewController.swift in Sources */,
				B9ABDF752C464B0900D2B493 /* AppDelegate.swift in Sources */,
				B9ABDF7F2C464B0900D2B493 /* Scheduleia.xcdatamodeld in Sources */,
				B95B15372C468DB700E6F104 /* RegisterViewController.swift in Sources */,
				B95B151A2C46820B00E6F104 /* LoginViewController.swift in Sources */,
				B95B153C2C47910D00E6F104 /* TodoItemTableViewCell.swift in Sources */,
				B9ABDF772C464B0900D2B493 /* SceneDelegate.swift in Sources */,
			);
			runOnlyForDeploymentPostprocessing = 0;
		};
/* End PBXSourcesBuildPhase section */

/* Begin PBXVariantGroup section */
		B9ABDF7A2C464B0900D2B493 /* Main.storyboard */ = {
			isa = PBXVariantGroup;
			children = (
				B9ABDF7B2C464B0900D2B493 /* Base */,
			);
			name = Main.storyboard;
			sourceTree = "<group>";
		};
		B9ABDF822C464B0A00D2B493 /* LaunchScreen.storyboard */ = {
			isa = PBXVariantGroup;
			children = (
				B9ABDF832C464B0A00D2B493 /* Base */,
			);
			name = LaunchScreen.storyboard;
			sourceTree = "<group>";
		};
/* End PBXVariantGroup section */

/* Begin XCBuildConfiguration section */
		B9ABDF862C464B0A00D2B493 /* Debug */ = {
			isa = XCBuildConfiguration;
			buildSettings = {
				ALWAYS_SEARCH_USER_PATHS = NO;
				ASSETCATALOG_COMPILER_GENERATE_SWIFT_ASSET_SYMBOL_EXTENSIONS = YES;
				CLANG_ANALYZER_NONNULL = YES;
				CLANG_ANALYZER_NUMBER_OBJECT_CONVERSION = YES_AGGRESSIVE;
				CLANG_CXX_LANGUAGE_STANDARD = "gnu++20";
				CLANG_ENABLE_MODULES = YES;
				CLANG_ENABLE_OBJC_ARC = YES;
				CLANG_ENABLE_OBJC_WEAK = YES;
				CLANG_WARN_BLOCK_CAPTURE_AUTORELEASING = YES;
				CLANG_WARN_BOOL_CONVERSION = YES;
				CLANG_WARN_COMMA = YES;
				CLANG_WARN_CONSTANT_CONVERSION = YES;
				CLANG_WARN_DEPRECATED_OBJC_IMPLEMENTATIONS = YES;
				CLANG_WARN_DIRECT_OBJC_ISA_USAGE = YES_ERROR;
				CLANG_WARN_DOCUMENTATION_COMMENTS = YES;
				CLANG_WARN_EMPTY_BODY = YES;
				CLANG_WARN_ENUM_CONVERSION = YES;
				CLANG_WARN_INFINITE_RECURSION = YES;
				CLANG_WARN_INT_CONVERSION = YES;
				CLANG_WARN_NON_LITERAL_NULL_CONVERSION = YES;
				CLANG_WARN_OBJC_IMPLICIT_RETAIN_SELF = YES;
				CLANG_WARN_OBJC_LITERAL_CONVERSION = YES;
				CLANG_WARN_OBJC_ROOT_CLASS = YES_ERROR;
				CLANG_WARN_QUOTED_INCLUDE_IN_FRAMEWORK_HEADER = YES;
				CLANG_WARN_RANGE_LOOP_ANALYSIS = YES;
				CLANG_WARN_STRICT_PROTOTYPES = YES;
				CLANG_WARN_SUSPICIOUS_MOVE = YES;
				CLANG_WARN_UNGUARDED_AVAILABILITY = YES_AGGRESSIVE;
				CLANG_WARN_UNREACHABLE_CODE = YES;
				CLANG_WARN__DUPLICATE_METHOD_MATCH = YES;
				COPY_PHASE_STRIP = NO;
				DEBUG_INFORMATION_FORMAT = dwarf;
				ENABLE_STRICT_OBJC_MSGSEND = YES;
				ENABLE_TESTABILITY = YES;
				ENABLE_USER_SCRIPT_SANDBOXING = YES;
				GCC_C_LANGUAGE_STANDARD = gnu17;
				GCC_DYNAMIC_NO_PIC = NO;
				GCC_NO_COMMON_BLOCKS = YES;
				GCC_OPTIMIZATION_LEVEL = 0;
				GCC_PREPROCESSOR_DEFINITIONS = (
					"DEBUG=1",
					"$(inherited)",
				);
				GCC_WARN_64_TO_32_BIT_CONVERSION = YES;
				GCC_WARN_ABOUT_RETURN_TYPE = YES_ERROR;
				GCC_WARN_UNDECLARED_SELECTOR = YES;
				GCC_WARN_UNINITIALIZED_AUTOS = YES_AGGRESSIVE;
				GCC_WARN_UNUSED_FUNCTION = YES;
				GCC_WARN_UNUSED_VARIABLE = YES;
				IPHONEOS_DEPLOYMENT_TARGET = 17.5;
				LOCALIZATION_PREFERS_STRING_CATALOGS = YES;
				MTL_ENABLE_DEBUG_INFO = INCLUDE_SOURCE;
				MTL_FAST_MATH = YES;
				ONLY_ACTIVE_ARCH = YES;
				SDKROOT = iphoneos;
				SWIFT_ACTIVE_COMPILATION_CONDITIONS = "DEBUG $(inherited)";
				SWIFT_OPTIMIZATION_LEVEL = "-Onone";
			};
			name = Debug;
		};
		B9ABDF872C464B0A00D2B493 /* Release */ = {
			isa = XCBuildConfiguration;
			buildSettings = {
				ALWAYS_SEARCH_USER_PATHS = NO;
				ASSETCATALOG_COMPILER_GENERATE_SWIFT_ASSET_SYMBOL_EXTENSIONS = YES;
				CLANG_ANALYZER_NONNULL = YES;
				CLANG_ANALYZER_NUMBER_OBJECT_CONVERSION = YES_AGGRESSIVE;
				CLANG_CXX_LANGUAGE_STANDARD = "gnu++20";
				CLANG_ENABLE_MODULES = YES;
				CLANG_ENABLE_OBJC_ARC = YES;
				CLANG_ENABLE_OBJC_WEAK = YES;
				CLANG_WARN_BLOCK_CAPTURE_AUTORELEASING = YES;
				CLANG_WARN_BOOL_CONVERSION = YES;
				CLANG_WARN_COMMA = YES;
				CLANG_WARN_CONSTANT_CONVERSION = YES;
				CLANG_WARN_DEPRECATED_OBJC_IMPLEMENTATIONS = YES;
				CLANG_WARN_DIRECT_OBJC_ISA_USAGE = YES_ERROR;
				CLANG_WARN_DOCUMENTATION_COMMENTS = YES;
				CLANG_WARN_EMPTY_BODY = YES;
				CLANG_WARN_ENUM_CONVERSION = YES;
				CLANG_WARN_INFINITE_RECURSION = YES;
				CLANG_WARN_INT_CONVERSION = YES;
				CLANG_WARN_NON_LITERAL_NULL_CONVERSION = YES;
				CLANG_WARN_OBJC_IMPLICIT_RETAIN_SELF = YES;
				CLANG_WARN_OBJC_LITERAL_CONVERSION = YES;
				CLANG_WARN_OBJC_ROOT_CLASS = YES_ERROR;
				CLANG_WARN_QUOTED_INCLUDE_IN_FRAMEWORK_HEADER = YES;
				CLANG_WARN_RANGE_LOOP_ANALYSIS = YES;
				CLANG_WARN_STRICT_PROTOTYPES = YES;
				CLANG_WARN_SUSPICIOUS_MOVE = YES;
				CLANG_WARN_UNGUARDED_AVAILABILITY = YES_AGGRESSIVE;
				CLANG_WARN_UNREACHABLE_CODE = YES;
				CLANG_WARN__DUPLICATE_METHOD_MATCH = YES;
				COPY_PHASE_STRIP = NO;
				DEBUG_INFORMATION_FORMAT = "dwarf-with-dsym";
				ENABLE_NS_ASSERTIONS = NO;
				ENABLE_STRICT_OBJC_MSGSEND = YES;
				ENABLE_USER_SCRIPT_SANDBOXING = YES;
				GCC_C_LANGUAGE_STANDARD = gnu17;
				GCC_NO_COMMON_BLOCKS = YES;
				GCC_WARN_64_TO_32_BIT_CONVERSION = YES;
				GCC_WARN_ABOUT_RETURN_TYPE = YES_ERROR;
				GCC_WARN_UNDECLARED_SELECTOR = YES;
				GCC_WARN_UNINITIALIZED_AUTOS = YES_AGGRESSIVE;
				GCC_WARN_UNUSED_FUNCTION = YES;
				GCC_WARN_UNUSED_VARIABLE = YES;
				IPHONEOS_DEPLOYMENT_TARGET = 17.5;
				LOCALIZATION_PREFERS_STRING_CATALOGS = YES;
				MTL_ENABLE_DEBUG_INFO = NO;
				MTL_FAST_MATH = YES;
				SDKROOT = iphoneos;
				SWIFT_COMPILATION_MODE = wholemodule;
				VALIDATE_PRODUCT = YES;
			};
			name = Release;
		};
		B9ABDF892C464B0A00D2B493 /* Debug */ = {
			isa = XCBuildConfiguration;
			buildSettings = {
				ASSETCATALOG_COMPILER_APPICON_NAME = AppIcon;
				ASSETCATALOG_COMPILER_GLOBAL_ACCENT_COLOR_NAME = AccentColor;
				CODE_SIGN_STYLE = Automatic;
				CURRENT_PROJECT_VERSION = 1;
				GENERATE_INFOPLIST_FILE = YES;
				INFOPLIST_FILE = Scheduleia/Info.plist;
				INFOPLIST_KEY_UIApplicationSupportsIndirectInputEvents = YES;
				INFOPLIST_KEY_UILaunchStoryboardName = LaunchScreen;
				INFOPLIST_KEY_UIMainStoryboardFile = Main;
				INFOPLIST_KEY_UISupportedInterfaceOrientations = UIInterfaceOrientationPortrait;
				IPHONEOS_DEPLOYMENT_TARGET = 15.0;
				LD_RUNPATH_SEARCH_PATHS = (
					"$(inherited)",
					"@executable_path/Frameworks",
				);
				MARKETING_VERSION = 1.0;
				PRODUCT_BUNDLE_IDENTIFIER = com.xyz.Scheduleia;
				PRODUCT_NAME = "$(TARGET_NAME)";
				SWIFT_EMIT_LOC_STRINGS = YES;
				SWIFT_VERSION = 5.0;
				TARGETED_DEVICE_FAMILY = "1,2";
			};
			name = Debug;
		};
		B9ABDF8A2C464B0A00D2B493 /* Release */ = {
			isa = XCBuildConfiguration;
			buildSettings = {
				ASSETCATALOG_COMPILER_APPICON_NAME = AppIcon;
				ASSETCATALOG_COMPILER_GLOBAL_ACCENT_COLOR_NAME = AccentColor;
				CODE_SIGN_STYLE = Automatic;
				CURRENT_PROJECT_VERSION = 1;
				GENERATE_INFOPLIST_FILE = YES;
				INFOPLIST_FILE = Scheduleia/Info.plist;
				INFOPLIST_KEY_UIApplicationSupportsIndirectInputEvents = YES;
				INFOPLIST_KEY_UILaunchStoryboardName = LaunchScreen;
				INFOPLIST_KEY_UIMainStoryboardFile = Main;
				INFOPLIST_KEY_UISupportedInterfaceOrientations = UIInterfaceOrientationPortrait;
				IPHONEOS_DEPLOYMENT_TARGET = 15.0;
				LD_RUNPATH_SEARCH_PATHS = (
					"$(inherited)",
					"@executable_path/Frameworks",
				);
				MARKETING_VERSION = 1.0;
				PRODUCT_BUNDLE_IDENTIFIER = com.xyz.Scheduleia;
				PRODUCT_NAME = "$(TARGET_NAME)";
				SWIFT_EMIT_LOC_STRINGS = YES;
				SWIFT_VERSION = 5.0;
				TARGETED_DEVICE_FAMILY = "1,2";
			};
			name = Release;
		};
/* End XCBuildConfiguration section */

/* Begin XCConfigurationList section */
		B9ABDF6C2C464B0900D2B493 /* Build configuration list for PBXProject "Scheduleia" */ = {
			isa = XCConfigurationList;
			buildConfigurations = (
				B9ABDF862C464B0A00D2B493 /* Debug */,
				B9ABDF872C464B0A00D2B493 /* Release */,
			);
			defaultConfigurationIsVisible = 0;
			defaultConfigurationName = Release;
		};
		B9ABDF882C464B0A00D2B493 /* Build configuration list for PBXNativeTarget "Scheduleia" */ = {
			isa = XCConfigurationList;
			buildConfigurations = (
				B9ABDF892C464B0A00D2B493 /* Debug */,
				B9ABDF8A2C464B0A00D2B493 /* Release */,
			);
			defaultConfigurationIsVisible = 0;
			defaultConfigurationName = Release;
		};
/* End XCConfigurationList section */

/* Begin XCRemoteSwiftPackageReference section */
		B95B151D2C468C0200E6F104 /* XCRemoteSwiftPackageReference "firebase-ios-sdk" */ = {
			isa = XCRemoteSwiftPackageReference;
			repositoryURL = "https://github.com/firebase/firebase-ios-sdk";
			requirement = {
				kind = upToNextMajorVersion;
				minimumVersion = 10.29.0;
			};
		};
/* End XCRemoteSwiftPackageReference section */

/* Begin XCSwiftPackageProductDependency section */
		B95B151E2C468C0200E6F104 /* FirebaseAnalytics */ = {
			isa = XCSwiftPackageProductDependency;
			package = B95B151D2C468C0200E6F104 /* XCRemoteSwiftPackageReference "firebase-ios-sdk" */;
			productName = FirebaseAnalytics;
		};
		B95B15202C468C0200E6F104 /* FirebaseAnalyticsOnDeviceConversion */ = {
			isa = XCSwiftPackageProductDependency;
			package = B95B151D2C468C0200E6F104 /* XCRemoteSwiftPackageReference "firebase-ios-sdk" */;
			productName = FirebaseAnalyticsOnDeviceConversion;
		};
		B95B15222C468C0200E6F104 /* FirebaseAnalyticsSwift */ = {
			isa = XCSwiftPackageProductDependency;
			package = B95B151D2C468C0200E6F104 /* XCRemoteSwiftPackageReference "firebase-ios-sdk" */;
			productName = FirebaseAnalyticsSwift;
		};
		B95B15242C468C0200E6F104 /* FirebaseAnalyticsWithoutAdIdSupport */ = {
			isa = XCSwiftPackageProductDependency;
			package = B95B151D2C468C0200E6F104 /* XCRemoteSwiftPackageReference "firebase-ios-sdk" */;
			productName = FirebaseAnalyticsWithoutAdIdSupport;
		};
		B95B15262C468C0200E6F104 /* FirebaseAppCheck */ = {
			isa = XCSwiftPackageProductDependency;
			package = B95B151D2C468C0200E6F104 /* XCRemoteSwiftPackageReference "firebase-ios-sdk" */;
			productName = FirebaseAppCheck;
		};
		B95B15282C468CD300E6F104 /* FirebaseAuth */ = {
			isa = XCSwiftPackageProductDependency;
			package = B95B151D2C468C0200E6F104 /* XCRemoteSwiftPackageReference "firebase-ios-sdk" */;
			productName = FirebaseAuth;
		};
		B95B152A2C468CD300E6F104 /* FirebaseAuthCombine-Community */ = {
			isa = XCSwiftPackageProductDependency;
			package = B95B151D2C468C0200E6F104 /* XCRemoteSwiftPackageReference "firebase-ios-sdk" */;
			productName = "FirebaseAuthCombine-Community";
		};
		B95B152C2C468CD300E6F104 /* FirebaseDatabase */ = {
			isa = XCSwiftPackageProductDependency;
			package = B95B151D2C468C0200E6F104 /* XCRemoteSwiftPackageReference "firebase-ios-sdk" */;
			productName = FirebaseDatabase;
		};
		B95B152E2C468CD300E6F104 /* FirebaseDatabaseSwift */ = {
			isa = XCSwiftPackageProductDependency;
			package = B95B151D2C468C0200E6F104 /* XCRemoteSwiftPackageReference "firebase-ios-sdk" */;
			productName = FirebaseDatabaseSwift;
		};
		B95B15302C468CD300E6F104 /* FirebaseFirestore */ = {
			isa = XCSwiftPackageProductDependency;
			package = B95B151D2C468C0200E6F104 /* XCRemoteSwiftPackageReference "firebase-ios-sdk" */;
			productName = FirebaseFirestore;
		};
		B95B15322C468CD300E6F104 /* FirebaseFirestoreCombine-Community */ = {
			isa = XCSwiftPackageProductDependency;
			package = B95B151D2C468C0200E6F104 /* XCRemoteSwiftPackageReference "firebase-ios-sdk" */;
			productName = "FirebaseFirestoreCombine-Community";
		};
		B95B15342C468CD300E6F104 /* FirebaseFirestoreSwift */ = {
			isa = XCSwiftPackageProductDependency;
			package = B95B151D2C468C0200E6F104 /* XCRemoteSwiftPackageReference "firebase-ios-sdk" */;
			productName = FirebaseFirestoreSwift;
		};
/* End XCSwiftPackageProductDependency section */

/* Begin XCVersionGroup section */
		B9ABDF7D2C464B0900D2B493 /* Scheduleia.xcdatamodeld */ = {
			isa = XCVersionGroup;
			children = (
				B9ABDF7E2C464B0900D2B493 /* Scheduleia.xcdatamodel */,
			);
			currentVersion = B9ABDF7E2C464B0900D2B493 /* Scheduleia.xcdatamodel */;
			path = Scheduleia.xcdatamodeld;
			sourceTree = "<group>";
			versionGroupType = wrapper.xcdatamodel;
		};
/* End XCVersionGroup section */
	};
	rootObject = B9ABDF692C464B0900D2B493 /* Project object */;
}
